
Microsoft Visual Studio Solution File, Format Version 12.00
# Visual Studio 15
VisualStudioVersion = 15.0.28307.421
MinimumVisualStudioVersion = 10.0.40219.1
Project("{9A19103F-16F7-4668-BE54-9A1E7A4F7556}") = "ExampleApp", "ExampleApp\ExampleApp.csproj", "{64E1B528-234C-4AC0-A468-63F5D1E76C1A}"
EndProject
Project("{9A19103F-16F7-4668-BE54-9A1E7A4F7556}") = "CANEthernetGateway", "..\CANEthernetGateway\CANEthernetGateway\CANEthernetGateway.csproj", "{3545B85D-8D2E-457E-BB6F-C8C6B126A1C9}"
EndProject
Global
	GlobalSection(SolutionConfigurationPlatforms) = preSolution
		Debug|Any CPU = Debug|Any CPU
		Release|Any CPU = Release|Any CPU
	EndGlobalSection
	GlobalSection(ProjectConfigurationPlatforms) = postSolution
		{64E1B528-234C-4AC0-A468-63F5D1E76C1A}.Debug|Any CPU.ActiveCfg = Debug|Any CPU
		{64E1B528-234C-4AC0-A468-63F5D1E76C1A}.Debug|Any CPU.Build.0 = Debug|Any CPU
		{64E1B528-234C-4AC0-A468-63F5D1E76C1A}.Release|Any CPU.ActiveCfg = Release|Any CPU
		{64E1B528-234C-4AC0-A468-63F5D1E76C1A}.Release|Any CPU.Build.0 = Release|Any CPU
		{3545B85D-8D2E-457E-BB6F-C8C6B126A1C9}.Debug|Any CPU.ActiveCfg = Debug|Any CPU
		{3545B85D-8D2E-457E-BB6F-C8C6B126A1C9}.Debug|Any CPU.Build.0 = Debug|Any CPU
		{3545B85D-8D2E-457E-BB6F-C8C6B126A1C9}.Release|Any CPU.ActiveCfg = Release|Any CPU
		{3545B85D-8D2E-457E-BB6F-C8C6B126A1C9}.Release|Any CPU.Build.0 = Release|Any CPU
	EndGlobalSection
	GlobalSection(SolutionProperties) = preSolution
		HideSolutionNode = FALSE
	EndGlobalSection
	GlobalSection(ExtensibilityGlobals) = postSolution
		SolutionGuid = {2A30ACF0-FDDD-4606-B4C5-CD9F708A9B3A}
	EndGlobalSection
EndGlobal
